
Microsoft Visual Studio Solution File, Format Version 12.00
# Visual Studio Version 17
VisualStudioVersion = 17.8.34330.188
MinimumVisualStudioVersion = 10.0.40219.1
Project("{FAE04EC0-301F-11D3-BF4B-00C04F79EFBC}") = "Lab10", "Lab10\Lab10.csproj", "{3C516C9B-2F77-4123-8695-ED793F2304BB}"
EndProject
Global
	GlobalSection(SolutionConfigurationPlatforms) = preSolution
		Debug|Any CPU = Debug|Any CPU
		Release|Any CPU = Release|Any CPU
	EndGlobalSection
	GlobalSection(ProjectConfigurationPlatforms) = postSolution
		{3C516C9B-2F77-4123-8695-ED793F2304BB}.Debug|Any CPU.ActiveCfg = Debug|Any CPU
		{3C516C9B-2F77-4123-8695-ED793F2304BB}.Debug|Any CPU.Build.0 = Debug|Any CPU
		{3C516C9B-2F77-4123-8695-ED793F2304BB}.Release|Any CPU.ActiveCfg = Release|Any CPU
		{3C516C9B-2F77-4123-8695-ED793F2304BB}.Release|Any CPU.Build.0 = Release|Any CPU
	EndGlobalSection
	GlobalSection(SolutionProperties) = preSolution
		HideSolutionNode = FALSE
	EndGlobalSection
	GlobalSection(ExtensibilityGlobals) = postSolution
		SolutionGuid = {651678DC-2FEF-4725-9EE3-61A3801F29B5}
	EndGlobalSection
EndGlobal
